# This file is automatically @generated by Cargo.
# It is not intended for manual editing.
version = 3

[[package]]
name = "advent"
version = "0.1.0"
dependencies = [
 "advent_macro",
 "combine",
 "parse",
]

[[package]]
name = "advent_macro"
version = "0.1.0"
dependencies = [
 "proc-macro2",
 "quote",
 "syn 2.0.39",
]

[[package]]
name = "binary-merge"
version = "0.1.2"
source = "registry+https://github.com/rust-lang/crates.io-index"
checksum = "597bb81c80a54b6a4381b23faba8d7774b144c94cbd1d6fe3f1329bd776554ab"

[[package]]
name = "bytes"
version = "1.5.0"
source = "registry+https://github.com/rust-lang/crates.io-index"
checksum = "a2bd12c1caf447e69cd4528f47f94d203fd2582878ecb9e9465484c4148a8223"

[[package]]
name = "combine"
version = "4.6.6"
source = "registry+https://github.com/rust-lang/crates.io-index"
checksum = "35ed6e9d84f0b51a7f52daf1c7d71dd136fd7a3f41a8462b8cdb8c78d920fad4"
dependencies = [
 "bytes",
 "memchr",
]

[[package]]
name = "eight"
version = "0.1.0"
dependencies = [
 "advent",
 "combine",
 "parse",
]

[[package]]
name = "eleven"
version = "0.1.0"
dependencies = [
 "advent",
 "combine",
 "parse",
]

[[package]]
name = "fifteen"
version = "0.1.0"
dependencies = [
 "advent",
 "combine",
 "parse",
 "range-collections",
]

[[package]]
name = "five"
version = "0.1.0"
dependencies = [
 "advent",
 "combine",
 "parse",
]

[[package]]
name = "four"
version = "0.1.0"
dependencies = [
 "advent",
 "combine",
 "parse",
]

[[package]]
name = "fourteen"
version = "0.1.0"
dependencies = [
 "advent",
 "combine",
 "parse",
]

[[package]]
name = "heck"
version = "0.4.1"
source = "registry+https://github.com/rust-lang/crates.io-index"
checksum = "95505c38b4572b2d910cecb0281560f54b440a19336cbbcb27bf6ce6adc6f5a8"

[[package]]
name = "inplace-vec-builder"
version = "0.1.1"
source = "registry+https://github.com/rust-lang/crates.io-index"
checksum = "cf64c2edc8226891a71f127587a2861b132d2b942310843814d5001d99a1d307"
dependencies = [
 "smallvec",
]

[[package]]
name = "memchr"
version = "2.6.4"
source = "registry+https://github.com/rust-lang/crates.io-index"
checksum = "f665ee40bc4a3c5590afb1e9677db74a508659dfd71e126420da8274909a0167"

[[package]]
name = "nine"
version = "0.1.0"
dependencies = [
 "advent",
 "combine",
 "parse",
]

[[package]]
name = "one"
version = "0.1.0"
dependencies = [
 "advent",
 "combine",
 "parse",
]

[[package]]
name = "parse"
version = "0.1.0"
dependencies = [
 "combine",
 "parse_macro",
]

[[package]]
name = "parse_macro"
version = "0.1.0"
dependencies = [
 "heck",
 "proc-macro2",
 "quote",
 "syn 1.0.109",
]

[[package]]
name = "proc-macro2"
version = "1.0.70"
source = "registry+https://github.com/rust-lang/crates.io-index"
checksum = "39278fbbf5fb4f646ce651690877f89d1c5811a3d4acb27700c1cb3cdb78fd3b"
dependencies = [
 "unicode-ident",
]

[[package]]
name = "quote"
version = "1.0.33"
source = "registry+https://github.com/rust-lang/crates.io-index"
checksum = "5267fca4496028628a95160fc423a33e8b2e6af8a5302579e322e4b520293cae"
dependencies = [
 "proc-macro2",
]

[[package]]
name = "range-collections"
version = "0.2.4"
source = "registry+https://github.com/rust-lang/crates.io-index"
checksum = "61fdfd79629e2b44a1d34b4d227957174cb858e6b86ee45fad114edbcfc903ab"
dependencies = [
 "binary-merge",
 "inplace-vec-builder",
 "smallvec",
]

[[package]]
name = "seven"
version = "0.1.0"
dependencies = [
 "advent",
 "combine",
 "parse",
]

[[package]]
name = "six"
version = "0.1.0"
dependencies = [
 "advent",
 "combine",
 "parse",
]

[[package]]
name = "smallvec"
version = "1.11.2"
source = "registry+https://github.com/rust-lang/crates.io-index"
checksum = "4dccd0940a2dcdf68d092b8cbab7dc0ad8fa938bf95787e1b916b0e3d0e8e970"

[[package]]
name = "syn"
version = "1.0.109"
source = "registry+https://github.com/rust-lang/crates.io-index"
checksum = "72b64191b275b66ffe2469e8af2c1cfe3bafa67b529ead792a6d0160888b4237"
dependencies = [
 "proc-macro2",
 "quote",
 "unicode-ident",
]

[[package]]
name = "syn"
version = "2.0.39"
source = "registry+https://github.com/rust-lang/crates.io-index"
checksum = "23e78b90f2fcf45d3e842032ce32e3f2d1545ba6636271dcbf24fa306d87be7a"
dependencies = [
 "proc-macro2",
 "quote",
 "unicode-ident",
]

[[package]]
name = "ten"
version = "0.1.0"
dependencies = [
 "advent",
 "combine",
 "parse",
]

[[package]]
name = "thirteen"
version = "0.1.0"
dependencies = [
 "advent",
 "combine",
 "parse",
]

[[package]]
name = "three"
version = "0.1.0"
dependencies = [
 "advent",
 "combine",
 "parse",
]

[[package]]
name = "twelve"
version = "0.1.0"
dependencies = [
 "advent",
 "combine",
 "parse",
]

[[package]]
name = "two"
version = "0.1.0"
dependencies = [
 "advent",
 "combine",
 "parse",
]

[[package]]
name = "unicode-ident"
version = "1.0.12"
source = "registry+https://github.com/rust-lang/crates.io-index"
checksum = "3354b9ac3fae1ff6755cb6db53683adb661634f67557942dea4facebec0fee4b"
